
Microsoft Visual Studio Solution File, Format Version 12.00
# Visual Studio 15
VisualStudioVersion = 15.0.28010.2026
MinimumVisualStudioVersion = 10.0.40219.1
Project("{FAE04EC0-301F-11D3-BF4B-00C04F79EFBC}") = "SudokuContrack", "SudokuContrack\SudokuContrack.csproj", "{1E37CCCE-D9FA-4E2C-94E4-91BB248C2755}"
EndProject
Global
	GlobalSection(SolutionConfigurationPlatforms) = preSolution
		Debug|Any CPU = Debug|Any CPU
		Release|Any CPU = Release|Any CPU
	EndGlobalSection
	GlobalSection(ProjectConfigurationPlatforms) = postSolution
		{1E37CCCE-D9FA-4E2C-94E4-91BB248C2755}.Debug|Any CPU.ActiveCfg = Debug|Any CPU
		{1E37CCCE-D9FA-4E2C-94E4-91BB248C2755}.Debug|Any CPU.Build.0 = Debug|Any CPU
		{1E37CCCE-D9FA-4E2C-94E4-91BB248C2755}.Release|Any CPU.ActiveCfg = Release|Any CPU
		{1E37CCCE-D9FA-4E2C-94E4-91BB248C2755}.Release|Any CPU.Build.0 = Release|Any CPU
	EndGlobalSection
	GlobalSection(SolutionProperties) = preSolution
		HideSolutionNode = FALSE
	EndGlobalSection
	GlobalSection(ExtensibilityGlobals) = postSolution
		SolutionGuid = {F0FE152C-5049-491D-9F37-3D3A7EB2A700}
	EndGlobalSection
EndGlobal
